lockfileVersion: '6.0'

settings:
  autoInstallPeers: true
  excludeLinksFromLockfile: false

dependencies:
  '@types/adm-zip':
    specifier: ^0.5.5
    version: 0.5.5
  adm-zip:
    specifier: ^0.5.14
    version: 0.5.14
  date-fns:
    specifier: ^2.30.0
    version: 2.30.0
  ics:
    specifier: ^2.44.0
    version: 2.44.0
  jquery:
    specifier: ^3.7.1
    version: 3.7.1

devDependencies:
  '@types/jquery':
    specifier: ^3.5.30
    version: 3.5.30
  esbuild:
    specifier: ^0.23.0
    version: 0.23.0

packages:

  /@babel/runtime@7.25.0:
    resolution: {integrity: sha512-7dRy4DwXwtzBrPbZflqxnvfxLF8kdZXPkhymtDeFoFqE6ldzjQFgYTtYIFARcLEYDrqfBfYcZt1WqFxRoyC9Rw==}
    engines: {node: '>=6.9.0'}
    dependencies:
      regenerator-runtime: 0.14.1
    dev: false

  /@esbuild/aix-ppc64@0.23.0:
    resolution: {integrity: sha512-3sG8Zwa5fMcA9bgqB8AfWPQ+HFke6uD3h1s3RIwUNK8EG7a4buxvuFTs3j1IMs2NXAk9F30C/FF4vxRgQCcmoQ==}
    engines: {node: '>=18'}
    cpu: [ppc64]
    os: [aix]
    requiresBuild: true
    dev: true
    optional: true

  /@esbuild/android-arm64@0.23.0:
    resolution: {integrity: sha512-EuHFUYkAVfU4qBdyivULuu03FhJO4IJN9PGuABGrFy4vUuzk91P2d+npxHcFdpUnfYKy0PuV+n6bKIpHOB3prQ==}
    engines: {node: '>=18'}
    cpu: [arm64]
    os: [android]
    requiresBuild: true
    dev: true
    optional: true

  /@esbuild/android-arm@0.23.0:
    resolution: {integrity: sha512-+KuOHTKKyIKgEEqKbGTK8W7mPp+hKinbMBeEnNzjJGyFcWsfrXjSTNluJHCY1RqhxFurdD8uNXQDei7qDlR6+g==}
    engines: {node: '>=18'}
    cpu: [arm]
    os: [android]
    requiresBuild: true
    dev: true
    optional: true

  /@esbuild/android-x64@0.23.0:
    resolution: {integrity: sha512-WRrmKidLoKDl56LsbBMhzTTBxrsVwTKdNbKDalbEZr0tcsBgCLbEtoNthOW6PX942YiYq8HzEnb4yWQMLQuipQ==}
    engines: {node: '>=18'}
    cpu: [x64]
    os: [android]
    requiresBuild: true
    dev: true
    optional: true

  /@esbuild/darwin-arm64@0.23.0:
    resolution: {integrity: sha512-YLntie/IdS31H54Ogdn+v50NuoWF5BDkEUFpiOChVa9UnKpftgwzZRrI4J132ETIi+D8n6xh9IviFV3eXdxfow==}
    engines: {node: '>=18'}
    cpu: [arm64]
    os: [darwin]
    requiresBuild: true
    dev: true
    optional: true

  /@esbuild/darwin-x64@0.23.0:
    resolution: {integrity: sha512-IMQ6eme4AfznElesHUPDZ+teuGwoRmVuuixu7sv92ZkdQcPbsNHzutd+rAfaBKo8YK3IrBEi9SLLKWJdEvJniQ==}
    engines: {node: '>=18'}
    cpu: [x64]
    os: [darwin]
    requiresBuild: true
    dev: true
    optional: true

  /@esbuild/freebsd-arm64@0.23.0:
    resolution: {integrity: sha512-0muYWCng5vqaxobq6LB3YNtevDFSAZGlgtLoAc81PjUfiFz36n4KMpwhtAd4he8ToSI3TGyuhyx5xmiWNYZFyw==}
    engines: {node: '>=18'}
    cpu: [arm64]
    os: [freebsd]
    requiresBuild: true
    dev: true
    optional: true

  /@esbuild/freebsd-x64@0.23.0:
    resolution: {integrity: sha512-XKDVu8IsD0/q3foBzsXGt/KjD/yTKBCIwOHE1XwiXmrRwrX6Hbnd5Eqn/WvDekddK21tfszBSrE/WMaZh+1buQ==}
    engines: {node: '>=18'}
    cpu: [x64]
    os: [freebsd]
    requiresBuild: true
    dev: true
    optional: true

  /@esbuild/linux-arm64@0.23.0:
    resolution: {integrity: sha512-j1t5iG8jE7BhonbsEg5d9qOYcVZv/Rv6tghaXM/Ug9xahM0nX/H2gfu6X6z11QRTMT6+aywOMA8TDkhPo8aCGw==}
    engines: {node: '>=18'}
    cpu: [arm64]
    os: [linux]
    requiresBuild: true
    dev: true
    optional: true

  /@esbuild/linux-arm@0.23.0:
    resolution: {integrity: sha512-SEELSTEtOFu5LPykzA395Mc+54RMg1EUgXP+iw2SJ72+ooMwVsgfuwXo5Fn0wXNgWZsTVHwY2cg4Vi/bOD88qw==}
    engines: {node: '>=18'}
    cpu: [arm]
    os: [linux]
    requiresBuild: true
    dev: true
    optional: true

  /@esbuild/linux-ia32@0.23.0:
    resolution: {integrity: sha512-P7O5Tkh2NbgIm2R6x1zGJJsnacDzTFcRWZyTTMgFdVit6E98LTxO+v8LCCLWRvPrjdzXHx9FEOA8oAZPyApWUA==}
    engines: {node: '>=18'}
    cpu: [ia32]
    os: [linux]
    requiresBuild: true
    dev: true
    optional: true

  /@esbuild/linux-loong64@0.23.0:
    resolution: {integrity: sha512-InQwepswq6urikQiIC/kkx412fqUZudBO4SYKu0N+tGhXRWUqAx+Q+341tFV6QdBifpjYgUndV1hhMq3WeJi7A==}
    engines: {node: '>=18'}
    cpu: [loong64]
    os: [linux]
    requiresBuild: true
    dev: true
    optional: true

  /@esbuild/linux-mips64el@0.23.0:
    resolution: {integrity: sha512-J9rflLtqdYrxHv2FqXE2i1ELgNjT+JFURt/uDMoPQLcjWQA5wDKgQA4t/dTqGa88ZVECKaD0TctwsUfHbVoi4w==}
    engines: {node: '>=18'}
    cpu: [mips64el]
    os: [linux]
    requiresBuild: true
    dev: true
    optional: true

  /@esbuild/linux-ppc64@0.23.0:
    resolution: {integrity: sha512-cShCXtEOVc5GxU0fM+dsFD10qZ5UpcQ8AM22bYj0u/yaAykWnqXJDpd77ublcX6vdDsWLuweeuSNZk4yUxZwtw==}
    engines: {node: '>=18'}
    cpu: [ppc64]
    os: [linux]
    requiresBuild: true
    dev: true
    optional: true

  /@esbuild/linux-riscv64@0.23.0:
    resolution: {integrity: sha512-HEtaN7Y5UB4tZPeQmgz/UhzoEyYftbMXrBCUjINGjh3uil+rB/QzzpMshz3cNUxqXN7Vr93zzVtpIDL99t9aRw==}
    engines: {node: '>=18'}
    cpu: [riscv64]
    os: [linux]
    requiresBuild: true
    dev: true
    optional: true

  /@esbuild/linux-s390x@0.23.0:
    resolution: {integrity: sha512-WDi3+NVAuyjg/Wxi+o5KPqRbZY0QhI9TjrEEm+8dmpY9Xir8+HE/HNx2JoLckhKbFopW0RdO2D72w8trZOV+Wg==}
    engines: {node: '>=18'}
    cpu: [s390x]
    os: [linux]
    requiresBuild: true
    dev: true
    optional: true

  /@esbuild/linux-x64@0.23.0:
    resolution: {integrity: sha512-a3pMQhUEJkITgAw6e0bWA+F+vFtCciMjW/LPtoj99MhVt+Mfb6bbL9hu2wmTZgNd994qTAEw+U/r6k3qHWWaOQ==}
    engines: {node: '>=18'}
    cpu: [x64]
    os: [linux]
    requiresBuild: true
    dev: true
    optional: true

  /@esbuild/netbsd-x64@0.23.0:
    resolution: {integrity: sha512-cRK+YDem7lFTs2Q5nEv/HHc4LnrfBCbH5+JHu6wm2eP+d8OZNoSMYgPZJq78vqQ9g+9+nMuIsAO7skzphRXHyw==}
    engines: {node: '>=18'}
    cpu: [x64]
    os: [netbsd]
    requiresBuild: true
    dev: true
    optional: true

  /@esbuild/openbsd-arm64@0.23.0:
    resolution: {integrity: sha512-suXjq53gERueVWu0OKxzWqk7NxiUWSUlrxoZK7usiF50C6ipColGR5qie2496iKGYNLhDZkPxBI3erbnYkU0rQ==}
    engines: {node: '>=18'}
    cpu: [arm64]
    os: [openbsd]
    requiresBuild: true
    dev: true
    optional: true

  /@esbuild/openbsd-x64@0.23.0:
    resolution: {integrity: sha512-6p3nHpby0DM/v15IFKMjAaayFhqnXV52aEmv1whZHX56pdkK+MEaLoQWj+H42ssFarP1PcomVhbsR4pkz09qBg==}
    engines: {node: '>=18'}
    cpu: [x64]
    os: [openbsd]
    requiresBuild: true
    dev: true
    optional: true

  /@esbuild/sunos-x64@0.23.0:
    resolution: {integrity: sha512-BFelBGfrBwk6LVrmFzCq1u1dZbG4zy/Kp93w2+y83Q5UGYF1d8sCzeLI9NXjKyujjBBniQa8R8PzLFAUrSM9OA==}
    engines: {node: '>=18'}
    cpu: [x64]
    os: [sunos]
    requiresBuild: true
    dev: true
    optional: true

  /@esbuild/win32-arm64@0.23.0:
    resolution: {integrity: sha512-lY6AC8p4Cnb7xYHuIxQ6iYPe6MfO2CC43XXKo9nBXDb35krYt7KGhQnOkRGar5psxYkircpCqfbNDB4uJbS2jQ==}
    engines: {node: '>=18'}
    cpu: [arm64]
    os: [win32]
    requiresBuild: true
    dev: true
    optional: true

  /@esbuild/win32-ia32@0.23.0:
    resolution: {integrity: sha512-7L1bHlOTcO4ByvI7OXVI5pNN6HSu6pUQq9yodga8izeuB1KcT2UkHaH6118QJwopExPn0rMHIseCTx1CRo/uNA==}
    engines: {node: '>=18'}
    cpu: [ia32]
    os: [win32]
    requiresBuild: true
    dev: true
    optional: true

  /@esbuild/win32-x64@0.23.0:
    resolution: {integrity: sha512-Arm+WgUFLUATuoxCJcahGuk6Yj9Pzxd6l11Zb/2aAuv5kWWvvfhLFo2fni4uSK5vzlUdCGZ/BdV5tH8klj8p8g==}
    engines: {node: '>=18'}
    cpu: [x64]
    os: [win32]
    requiresBuild: true
    dev: true
    optional: true

  /@types/adm-zip@0.5.5:
    resolution: {integrity: sha512-YCGstVMjc4LTY5uK9/obvxBya93axZOVOyf2GSUulADzmLhYE45u2nAssCs/fWBs1Ifq5Vat75JTPwd5XZoPJw==}
    dependencies:
      '@types/node': 22.1.0
    dev: false

  /@types/jquery@3.5.30:
    resolution: {integrity: sha512-nbWKkkyb919DOUxjmRVk8vwtDb0/k8FKncmUKFi+NY+QXqWltooxTrswvz4LspQwxvLdvzBN1TImr6cw3aQx2A==}
    dependencies:
      '@types/sizzle': 2.3.8
    dev: true

  /@types/lodash@4.17.7:
    resolution: {integrity: sha512-8wTvZawATi/lsmNu10/j2hk1KEP0IvjubqPE3cu1Xz7xfXXt5oCq3SNUz4fMIP4XGF9Ky+Ue2tBA3hcS7LSBlA==}
    dev: false

  /@types/node@22.1.0:
    resolution: {integrity: sha512-AOmuRF0R2/5j1knA3c6G3HOk523Ga+l+ZXltX8SF1+5oqcXijjfTd8fY3XRZqSihEu9XhtQnKYLmkFaoxgsJHw==}
    dependencies:
      undici-types: 6.13.0
    dev: false

  /@types/sizzle@2.3.8:
    resolution: {integrity: sha512-0vWLNK2D5MT9dg0iOo8GlKguPAU02QjmZitPEsXRuJXU/OGIOt9vT9Fc26wtYuavLxtO45v9PGleoL9Z0k1LHg==}
    dev: true

  /adm-zip@0.5.14:
    resolution: {integrity: sha512-DnyqqifT4Jrcvb8USYjp6FHtBpEIz1mnXu6pTRHZ0RL69LbQYiO+0lDFg5+OKA7U29oWSs3a/i8fhn8ZcceIWg==}
    engines: {node: '>=12.0'}
    dev: false

  /date-fns@2.30.0:
    resolution: {integrity: sha512-fnULvOpxnC5/Vg3NCiWelDsLiUc9bRwAPs/+LfTLNvetFCtCTN+yQz15C/fs4AwX1R9K5GLtLfn8QW+dWisaAw==}
    engines: {node: '>=0.11'}
    dependencies:
      '@babel/runtime': 7.25.0
    dev: false

  /esbuild@0.23.0:
    resolution: {integrity: sha512-1lvV17H2bMYda/WaFb2jLPeHU3zml2k4/yagNMG8Q/YtfMjCwEUZa2eXXMgZTVSL5q1n4H7sQ0X6CdJDqqeCFA==}
    engines: {node: '>=18'}
    hasBin: true
    requiresBuild: true
    optionalDependencies:
      '@esbuild/aix-ppc64': 0.23.0
      '@esbuild/android-arm': 0.23.0
      '@esbuild/android-arm64': 0.23.0
      '@esbuild/android-x64': 0.23.0
      '@esbuild/darwin-arm64': 0.23.0
      '@esbuild/darwin-x64': 0.23.0
      '@esbuild/freebsd-arm64': 0.23.0
      '@esbuild/freebsd-x64': 0.23.0
      '@esbuild/linux-arm': 0.23.0
      '@esbuild/linux-arm64': 0.23.0
      '@esbuild/linux-ia32': 0.23.0
      '@esbuild/linux-loong64': 0.23.0
      '@esbuild/linux-mips64el': 0.23.0
      '@esbuild/linux-ppc64': 0.23.0
      '@esbuild/linux-riscv64': 0.23.0
      '@esbuild/linux-s390x': 0.23.0
      '@esbuild/linux-x64': 0.23.0
      '@esbuild/netbsd-x64': 0.23.0
      '@esbuild/openbsd-arm64': 0.23.0
      '@esbuild/openbsd-x64': 0.23.0
      '@esbuild/sunos-x64': 0.23.0
      '@esbuild/win32-arm64': 0.23.0
      '@esbuild/win32-ia32': 0.23.0
      '@esbuild/win32-x64': 0.23.0
    dev: true

  /ics@2.44.0:
    resolution: {integrity: sha512-JeiPjNeWkd7Qri/wfHqjZCtglVwRJRqy1MEFKn9QzatzxUyCOsx4YARPlLkU8UnPxpg4VtEjR+VRUG+Cvj6bDg==}
    dependencies:
      nanoid: 3.3.7
      yup: 0.32.11
    dev: false

  /jquery@3.7.1:
    resolution: {integrity: sha512-m4avr8yL8kmFN8psrbFFFmB/If14iN5o9nw/NgnnM+kybDJpRsAynV2BsfpTYrTRysYUdADVD7CkUUizgkpLfg==}
    dev: false

  /lodash-es@4.17.21:
    resolution: {integrity: sha512-mKnC+QJ9pWVzv+C4/U3rRsHapFfHvQFoFB92e52xeyGMcX6/OlIl78je1u8vePzYZSkkogMPJ2yjxxsb89cxyw==}
    dev: false

  /lodash@4.17.21:
    resolution: {integrity: sha512-v2kDEe57lecTulaDIuNTPy3Ry4gLGJ6Z1O3vE1krgXZNrsQ+LFTGHVxVjcXPs17LhbZVGedAJv8XZ1tvj5FvSg==}
    dev: false

  /nanoclone@0.2.1:
    resolution: {integrity: sha512-wynEP02LmIbLpcYw8uBKpcfF6dmg2vcpKqxeH5UcoKEYdExslsdUA4ugFauuaeYdTB76ez6gJW8XAZ6CgkXYxA==}
    dev: false

  /nanoid@3.3.7:
    resolution: {integrity: sha512-eSRppjcPIatRIMC1U6UngP8XFcz8MQWGQdt1MTBQ7NaAmvXDfvNxbvWV3x2y6CdEUciCSsDHDQZbhYaB8QEo2g==}
    engines: {node: ^10 || ^12 || ^13.7 || ^14 || >=15.0.1}
    hasBin: true
    dev: false

  /property-expr@2.0.6:
    resolution: {integrity: sha512-SVtmxhRE/CGkn3eZY1T6pC8Nln6Fr/lu1mKSgRud0eC73whjGfoAogbn78LkD8aFL0zz3bAFerKSnOl7NlErBA==}
    dev: false

  /regenerator-runtime@0.14.1:
    resolution: {integrity: sha512-dYnhHh0nJoMfnkZs6GmmhFknAGRrLznOu5nc9ML+EJxGvrx6H7teuevqVqCuPcPK//3eDrrjQhehXVx9cnkGdw==}
    dev: false

  /toposort@2.0.2:
    resolution: {integrity: sha512-0a5EOkAUp8D4moMi2W8ZF8jcga7BgZd91O/yabJCFY8az+XSzeGyTKs0Aoo897iV1Nj6guFq8orWDS96z91oGg==}
    dev: false

  /undici-types@6.13.0:
    resolution: {integrity: sha512-xtFJHudx8S2DSoujjMd1WeWvn7KKWFRESZTMeL1RptAYERu29D6jphMjjY+vn96jvN3kVPDNxU/E13VTaXj6jg==}
    dev: false

  /yup@0.32.11:
    resolution: {integrity: sha512-Z2Fe1bn+eLstG8DRR6FTavGD+MeAwyfmouhHsIUgaADz8jvFKbO/fXc2trJKZg+5EBjh4gGm3iU/t3onKlXHIg==}
    engines: {node: '>=10'}
    dependencies:
      '@babel/runtime': 7.25.0
      '@types/lodash': 4.17.7
      lodash: 4.17.21
      lodash-es: 4.17.21
      nanoclone: 0.2.1
      property-expr: 2.0.6
      toposort: 2.0.2
    dev: false
